
Microsoft Visual Studio Solution File, Format Version 12.00
# Visual Studio Version 16
VisualStudioVersion = 16.0.31019.35
MinimumVisualStudioVersion = 10.0.40219.1
Project("{FAE04EC0-301F-11D3-BF4B-00C04F79EFBC}") = "Ex11Vector", "Ex11Vector.csproj", "{37AA6CED-0517-4ADC-BF73-3258A56F9E8E}"
EndProject
Global
	GlobalSection(SolutionConfigurationPlatforms) = preSolution
		Debug|Any CPU = Debug|Any CPU
		Release|Any CPU = Release|Any CPU
	EndGlobalSection
	GlobalSection(ProjectConfigurationPlatforms) = postSolution
		{37AA6CED-0517-4ADC-BF73-3258A56F9E8E}.Debug|Any CPU.ActiveCfg = Debug|Any CPU
		{37AA6CED-0517-4ADC-BF73-3258A56F9E8E}.Debug|Any CPU.Build.0 = Debug|Any CPU
		{37AA6CED-0517-4ADC-BF73-3258A56F9E8E}.Release|Any CPU.ActiveCfg = Release|Any CPU
		{37AA6CED-0517-4ADC-BF73-3258A56F9E8E}.Release|Any CPU.Build.0 = Release|Any CPU
	EndGlobalSection
	GlobalSection(SolutionProperties) = preSolution
		HideSolutionNode = FALSE
	EndGlobalSection
	GlobalSection(ExtensibilityGlobals) = postSolution
		SolutionGuid = {CBF2D5DD-AD12-4FBE-B478-39A87209E1B8}
	EndGlobalSection
EndGlobal
