
Microsoft Visual Studio Solution File, Format Version 12.00
# Visual Studio Version 16
VisualStudioVersion = 16.0.31019.35
MinimumVisualStudioVersion = 10.0.40219.1
Project("{FAE04EC0-301F-11D3-BF4B-00C04F79EFBC}") = "Lab17BinaryTree", "Lab17BinaryTree.csproj", "{2C32E480-0DE1-41CD-B430-351B911F86B0}"
EndProject
Project("{FAE04EC0-301F-11D3-BF4B-00C04F79EFBC}") = "BinaryTreeTest", "..\BinaryTreeTest\BinaryTreeTest.csproj", "{8DF65667-DB75-40FA-9D83-F161C3C8CEEE}"
EndProject
Global
	GlobalSection(SolutionConfigurationPlatforms) = preSolution
		Debug|Any CPU = Debug|Any CPU
		Release|Any CPU = Release|Any CPU
	EndGlobalSection
	GlobalSection(ProjectConfigurationPlatforms) = postSolution
		{2C32E480-0DE1-41CD-B430-351B911F86B0}.Debug|Any CPU.ActiveCfg = Debug|Any CPU
		{2C32E480-0DE1-41CD-B430-351B911F86B0}.Debug|Any CPU.Build.0 = Debug|Any CPU
		{2C32E480-0DE1-41CD-B430-351B911F86B0}.Release|Any CPU.ActiveCfg = Release|Any CPU
		{2C32E480-0DE1-41CD-B430-351B911F86B0}.Release|Any CPU.Build.0 = Release|Any CPU
		{8DF65667-DB75-40FA-9D83-F161C3C8CEEE}.Debug|Any CPU.ActiveCfg = Debug|Any CPU
		{8DF65667-DB75-40FA-9D83-F161C3C8CEEE}.Debug|Any CPU.Build.0 = Debug|Any CPU
		{8DF65667-DB75-40FA-9D83-F161C3C8CEEE}.Release|Any CPU.ActiveCfg = Release|Any CPU
		{8DF65667-DB75-40FA-9D83-F161C3C8CEEE}.Release|Any CPU.Build.0 = Release|Any CPU
	EndGlobalSection
	GlobalSection(SolutionProperties) = preSolution
		HideSolutionNode = FALSE
	EndGlobalSection
	GlobalSection(ExtensibilityGlobals) = postSolution
		SolutionGuid = {BB03B8AA-185F-41AF-B561-4F04D8B0E901}
	EndGlobalSection
EndGlobal
