
Microsoft Visual Studio Solution File, Format Version 12.00
# Visual Studio Version 16
VisualStudioVersion = 16.0.30225.117
MinimumVisualStudioVersion = 10.0.40219.1
Project("{FAE04EC0-301F-11D3-BF4B-00C04F79EFBC}") = "Mathmatical Formulas", "Mathmatical Formulas.csproj", "{02DEFF00-2E3D-48F9-9E36-AECC5B42A7C1}"
EndProject
Global
	GlobalSection(SolutionConfigurationPlatforms) = preSolution
		Debug|Any CPU = Debug|Any CPU
		Release|Any CPU = Release|Any CPU
	EndGlobalSection
	GlobalSection(ProjectConfigurationPlatforms) = postSolution
		{02DEFF00-2E3D-48F9-9E36-AECC5B42A7C1}.Debug|Any CPU.ActiveCfg = Debug|Any CPU
		{02DEFF00-2E3D-48F9-9E36-AECC5B42A7C1}.Debug|Any CPU.Build.0 = Debug|Any CPU
		{02DEFF00-2E3D-48F9-9E36-AECC5B42A7C1}.Release|Any CPU.ActiveCfg = Release|Any CPU
		{02DEFF00-2E3D-48F9-9E36-AECC5B42A7C1}.Release|Any CPU.Build.0 = Release|Any CPU
	EndGlobalSection
	GlobalSection(SolutionProperties) = preSolution
		HideSolutionNode = FALSE
	EndGlobalSection
	GlobalSection(ExtensibilityGlobals) = postSolution
		SolutionGuid = {7EAB0EB4-87F0-46E4-9E57-57B47D7E6D80}
	EndGlobalSection
EndGlobal
