
Microsoft Visual Studio Solution File, Format Version 12.00
# Visual Studio Version 16
VisualStudioVersion = 16.0.31019.35
MinimumVisualStudioVersion = 10.0.40219.1
Project("{FAE04EC0-301F-11D3-BF4B-00C04F79EFBC}") = "EX12MathGames", "EX12MathGames.csproj", "{25DE2DD2-3025-48C4-993E-922B7D8CF08B}"
EndProject
Global
	GlobalSection(SolutionConfigurationPlatforms) = preSolution
		Debug|Any CPU = Debug|Any CPU
		Release|Any CPU = Release|Any CPU
	EndGlobalSection
	GlobalSection(ProjectConfigurationPlatforms) = postSolution
		{25DE2DD2-3025-48C4-993E-922B7D8CF08B}.Debug|Any CPU.ActiveCfg = Debug|Any CPU
		{25DE2DD2-3025-48C4-993E-922B7D8CF08B}.Debug|Any CPU.Build.0 = Debug|Any CPU
		{25DE2DD2-3025-48C4-993E-922B7D8CF08B}.Release|Any CPU.ActiveCfg = Release|Any CPU
		{25DE2DD2-3025-48C4-993E-922B7D8CF08B}.Release|Any CPU.Build.0 = Release|Any CPU
	EndGlobalSection
	GlobalSection(SolutionProperties) = preSolution
		HideSolutionNode = FALSE
	EndGlobalSection
	GlobalSection(ExtensibilityGlobals) = postSolution
		SolutionGuid = {C79EFE93-8652-4ECD-9E6F-FA4D6D6E025E}
	EndGlobalSection
EndGlobal
