
Microsoft Visual Studio Solution File, Format Version 12.00
# Visual Studio Version 16
VisualStudioVersion = 16.0.30225.117
MinimumVisualStudioVersion = 10.0.40219.1
Project("{FAE04EC0-301F-11D3-BF4B-00C04F79EFBC}") = "Recurssionlab", "Recurssionlab.csproj", "{0A04A61B-5BBC-48D5-944E-83B98F0CD15E}"
EndProject
Global
	GlobalSection(SolutionConfigurationPlatforms) = preSolution
		Debug|Any CPU = Debug|Any CPU
		Release|Any CPU = Release|Any CPU
	EndGlobalSection
	GlobalSection(ProjectConfigurationPlatforms) = postSolution
		{0A04A61B-5BBC-48D5-944E-83B98F0CD15E}.Debug|Any CPU.ActiveCfg = Debug|Any CPU
		{0A04A61B-5BBC-48D5-944E-83B98F0CD15E}.Debug|Any CPU.Build.0 = Debug|Any CPU
		{0A04A61B-5BBC-48D5-944E-83B98F0CD15E}.Release|Any CPU.ActiveCfg = Release|Any CPU
		{0A04A61B-5BBC-48D5-944E-83B98F0CD15E}.Release|Any CPU.Build.0 = Release|Any CPU
	EndGlobalSection
	GlobalSection(SolutionProperties) = preSolution
		HideSolutionNode = FALSE
	EndGlobalSection
	GlobalSection(ExtensibilityGlobals) = postSolution
		SolutionGuid = {3A9EB0BD-FCC1-44B1-83EA-5AD73C8A9CE8}
	EndGlobalSection
EndGlobal
