
Microsoft Visual Studio Solution File, Format Version 12.00
# Visual Studio Version 16
VisualStudioVersion = 16.0.30225.117
MinimumVisualStudioVersion = 10.0.40219.1
Project("{FAE04EC0-301F-11D3-BF4B-00C04F79EFBC}") = "CH3Recur", "CH3Recur.csproj", "{345A7800-1D61-4809-832F-D0B127EC695E}"
EndProject
Global
	GlobalSection(SolutionConfigurationPlatforms) = preSolution
		Debug|Any CPU = Debug|Any CPU
		Release|Any CPU = Release|Any CPU
	EndGlobalSection
	GlobalSection(ProjectConfigurationPlatforms) = postSolution
		{345A7800-1D61-4809-832F-D0B127EC695E}.Debug|Any CPU.ActiveCfg = Debug|Any CPU
		{345A7800-1D61-4809-832F-D0B127EC695E}.Debug|Any CPU.Build.0 = Debug|Any CPU
		{345A7800-1D61-4809-832F-D0B127EC695E}.Release|Any CPU.ActiveCfg = Release|Any CPU
		{345A7800-1D61-4809-832F-D0B127EC695E}.Release|Any CPU.Build.0 = Release|Any CPU
	EndGlobalSection
	GlobalSection(SolutionProperties) = preSolution
		HideSolutionNode = FALSE
	EndGlobalSection
	GlobalSection(ExtensibilityGlobals) = postSolution
		SolutionGuid = {28FF3935-207F-4E68-A6CC-5AC9D3DB4FF5}
	EndGlobalSection
EndGlobal
