
Microsoft Visual Studio Solution File, Format Version 12.00
# Visual Studio Version 16
VisualStudioVersion = 16.0.30225.117
MinimumVisualStudioVersion = 10.0.40219.1
Project("{FAE04EC0-301F-11D3-BF4B-00C04F79EFBC}") = "Lab7Classes", "Lab7Classes.csproj", "{7F8F7CAF-5AB6-45EC-A0B6-DD585FE571DC}"
EndProject
Global
	GlobalSection(SolutionConfigurationPlatforms) = preSolution
		Debug|Any CPU = Debug|Any CPU
		Release|Any CPU = Release|Any CPU
	EndGlobalSection
	GlobalSection(ProjectConfigurationPlatforms) = postSolution
		{7F8F7CAF-5AB6-45EC-A0B6-DD585FE571DC}.Debug|Any CPU.ActiveCfg = Debug|Any CPU
		{7F8F7CAF-5AB6-45EC-A0B6-DD585FE571DC}.Debug|Any CPU.Build.0 = Debug|Any CPU
		{7F8F7CAF-5AB6-45EC-A0B6-DD585FE571DC}.Release|Any CPU.ActiveCfg = Release|Any CPU
		{7F8F7CAF-5AB6-45EC-A0B6-DD585FE571DC}.Release|Any CPU.Build.0 = Release|Any CPU
	EndGlobalSection
	GlobalSection(SolutionProperties) = preSolution
		HideSolutionNode = FALSE
	EndGlobalSection
	GlobalSection(ExtensibilityGlobals) = postSolution
		SolutionGuid = {2087A976-76D0-4C12-AD59-01B0EBD82E60}
	EndGlobalSection
EndGlobal
