
Microsoft Visual Studio Solution File, Format Version 12.00
# Visual Studio Version 16
VisualStudioVersion = 16.0.31019.35
MinimumVisualStudioVersion = 10.0.40219.1
Project("{FAE04EC0-301F-11D3-BF4B-00C04F79EFBC}") = "Lab17BBuildTree", "Lab17BBuildTree.csproj", "{837DC46C-AB48-4FA1-BDD8-8E5B8A2BCDE5}"
EndProject
Global
	GlobalSection(SolutionConfigurationPlatforms) = preSolution
		Debug|Any CPU = Debug|Any CPU
		Release|Any CPU = Release|Any CPU
	EndGlobalSection
	GlobalSection(ProjectConfigurationPlatforms) = postSolution
		{837DC46C-AB48-4FA1-BDD8-8E5B8A2BCDE5}.Debug|Any CPU.ActiveCfg = Debug|Any CPU
		{837DC46C-AB48-4FA1-BDD8-8E5B8A2BCDE5}.Debug|Any CPU.Build.0 = Debug|Any CPU
		{837DC46C-AB48-4FA1-BDD8-8E5B8A2BCDE5}.Release|Any CPU.ActiveCfg = Release|Any CPU
		{837DC46C-AB48-4FA1-BDD8-8E5B8A2BCDE5}.Release|Any CPU.Build.0 = Release|Any CPU
	EndGlobalSection
	GlobalSection(SolutionProperties) = preSolution
		HideSolutionNode = FALSE
	EndGlobalSection
	GlobalSection(ExtensibilityGlobals) = postSolution
		SolutionGuid = {07CA5226-0EBF-48F7-B98E-137B38A70CD6}
	EndGlobalSection
EndGlobal
