
Microsoft Visual Studio Solution File, Format Version 12.00
# Visual Studio Version 16
VisualStudioVersion = 16.0.30225.117
MinimumVisualStudioVersion = 10.0.40219.1
Project("{FAE04EC0-301F-11D3-BF4B-00C04F79EFBC}") = "Exercise4AF", "Exercise4AF.csproj", "{71D81133-3622-4FFC-8A97-49539AB6B302}"
EndProject
Project("{2150E333-8FDC-42A3-9474-1A3956D46DE8}") = "Solution Items", "Solution Items", "{992653F1-6F45-404F-8BFB-4713DF1FA656}"
	ProjectSection(SolutionItems) = preProject
		Ape.cs = Ape.cs
		Horse.cs = Horse.cs
		Liger.cs = Liger.cs
		Pig.cs = Pig.cs
	EndProjectSection
EndProject
Global
	GlobalSection(SolutionConfigurationPlatforms) = preSolution
		Debug|Any CPU = Debug|Any CPU
		Release|Any CPU = Release|Any CPU
	EndGlobalSection
	GlobalSection(ProjectConfigurationPlatforms) = postSolution
		{71D81133-3622-4FFC-8A97-49539AB6B302}.Debug|Any CPU.ActiveCfg = Debug|Any CPU
		{71D81133-3622-4FFC-8A97-49539AB6B302}.Debug|Any CPU.Build.0 = Debug|Any CPU
		{71D81133-3622-4FFC-8A97-49539AB6B302}.Release|Any CPU.ActiveCfg = Release|Any CPU
		{71D81133-3622-4FFC-8A97-49539AB6B302}.Release|Any CPU.Build.0 = Release|Any CPU
	EndGlobalSection
	GlobalSection(SolutionProperties) = preSolution
		HideSolutionNode = FALSE
	EndGlobalSection
	GlobalSection(ExtensibilityGlobals) = postSolution
		SolutionGuid = {F80693D1-72E6-4F77-AD6C-803497CA1EA1}
	EndGlobalSection
EndGlobal
