
Microsoft Visual Studio Solution File, Format Version 12.00
# Visual Studio Version 16
VisualStudioVersion = 16.0.31019.35
MinimumVisualStudioVersion = 10.0.40219.1
Project("{FAE04EC0-301F-11D3-BF4B-00C04F79EFBC}") = "EthansCardGame", "EthansCardGame.csproj", "{75AA55EE-4B99-4259-8761-9532FE163BA1}"
EndProject
Global
	GlobalSection(SolutionConfigurationPlatforms) = preSolution
		Debug|Any CPU = Debug|Any CPU
		Release|Any CPU = Release|Any CPU
	EndGlobalSection
	GlobalSection(ProjectConfigurationPlatforms) = postSolution
		{75AA55EE-4B99-4259-8761-9532FE163BA1}.Debug|Any CPU.ActiveCfg = Debug|Any CPU
		{75AA55EE-4B99-4259-8761-9532FE163BA1}.Debug|Any CPU.Build.0 = Debug|Any CPU
		{75AA55EE-4B99-4259-8761-9532FE163BA1}.Release|Any CPU.ActiveCfg = Release|Any CPU
		{75AA55EE-4B99-4259-8761-9532FE163BA1}.Release|Any CPU.Build.0 = Release|Any CPU
	EndGlobalSection
	GlobalSection(SolutionProperties) = preSolution
		HideSolutionNode = FALSE
	EndGlobalSection
	GlobalSection(ExtensibilityGlobals) = postSolution
		SolutionGuid = {43E2EECE-E6CA-45B8-A12A-F69DC509BC94}
	EndGlobalSection
EndGlobal
